
Microsoft Visual Studio Solution File, Format Version 10.00
# Visual Studio 2008
Project("{3947E667-4C90-4C3A-BEB9-7148D6FE0D7C}") = "dil", "dil.dproj", "{37C836E6-3EDA-46A3-93E8-13FBE0A7D722}"
EndProject
Global
	GlobalSection(SolutionConfigurationPlatforms) = preSolution
		Debug|Any CPU = Debug|Any CPU
		Release|Any CPU = Release|Any CPU
		Unittest|Any CPU = Unittest|Any CPU
	EndGlobalSection
	GlobalSection(ProjectConfigurationPlatforms) = postSolution
		{37C836E6-3EDA-46A3-93E8-13FBE0A7D722}.Debug|Any CPU.ActiveCfg = Debug|Any CPU
		{37C836E6-3EDA-46A3-93E8-13FBE0A7D722}.Debug|Any CPU.Build.0 = Debug|Any CPU
		{37C836E6-3EDA-46A3-93E8-13FBE0A7D722}.Release|Any CPU.ActiveCfg = Release|Any CPU
		{37C836E6-3EDA-46A3-93E8-13FBE0A7D722}.Release|Any CPU.Build.0 = Release|Any CPU
		{37C836E6-3EDA-46A3-93E8-13FBE0A7D722}.Unittest|Any CPU.ActiveCfg = Unittest|Any CPU
		{37C836E6-3EDA-46A3-93E8-13FBE0A7D722}.Unittest|Any CPU.Build.0 = Unittest|Any CPU
	EndGlobalSection
	GlobalSection(MonoDevelopProperties) = preSolution
		BaseDirectory = ..\..
		StartupItem = dil.dproj
	EndGlobalSection
EndGlobal
